
Microsoft Visual Studio Solution File, Format Version 12.00
# Visual Studio Version 16
VisualStudioVersion = 16.0.29613.14
MinimumVisualStudioVersion = 10.0.40219.1
Project("{FAE04EC0-301F-11D3-BF4B-00C04F79EFBC}") = "Server", "Server\Server.csproj", "{BF7C9C40-1A5C-4CC5-A2E2-5C5CD7CAB834}"
EndProject
Project("{FAE04EC0-301F-11D3-BF4B-00C04F79EFBC}") = "Client", "Client\Client.csproj", "{5210F0F5-15FF-4CFA-9BE5-8B001E5CB5C7}"
EndProject
Global
	GlobalSection(SolutionConfigurationPlatforms) = preSolution
		Debug|Any CPU = Debug|Any CPU
		Release|Any CPU = Release|Any CPU
	EndGlobalSection
	GlobalSection(ProjectConfigurationPlatforms) = postSolution
		{BF7C9C40-1A5C-4CC5-A2E2-5C5CD7CAB834}.Debug|Any CPU.ActiveCfg = Debug|Any CPU
		{BF7C9C40-1A5C-4CC5-A2E2-5C5CD7CAB834}.Debug|Any CPU.Build.0 = Debug|Any CPU
		{BF7C9C40-1A5C-4CC5-A2E2-5C5CD7CAB834}.Release|Any CPU.ActiveCfg = Release|Any CPU
		{BF7C9C40-1A5C-4CC5-A2E2-5C5CD7CAB834}.Release|Any CPU.Build.0 = Release|Any CPU
		{5210F0F5-15FF-4CFA-9BE5-8B001E5CB5C7}.Debug|Any CPU.ActiveCfg = Debug|Any CPU
		{5210F0F5-15FF-4CFA-9BE5-8B001E5CB5C7}.Debug|Any CPU.Build.0 = Debug|Any CPU
		{5210F0F5-15FF-4CFA-9BE5-8B001E5CB5C7}.Release|Any CPU.ActiveCfg = Release|Any CPU
		{5210F0F5-15FF-4CFA-9BE5-8B001E5CB5C7}.Release|Any CPU.Build.0 = Release|Any CPU
	EndGlobalSection
	GlobalSection(SolutionProperties) = preSolution
		HideSolutionNode = FALSE
	EndGlobalSection
	GlobalSection(ExtensibilityGlobals) = postSolution
		SolutionGuid = {D53E47F3-485B-4BDB-92AA-024795ED815D}
	EndGlobalSection
EndGlobal
